Microsoft Visual Studio Solution File, Format Version 12.00
# Visual Studio Version 17
VisualStudioVersion = 17.0.31903.59
MinimumVisualStudioVersion = 10.0.40219.1
Project("{FAE04EC0-301F-11D3-BF4B-00C04F79EFBC}") = "MunicipiosIbge.Api", "src\MunicipiosIbge.Api\MunicipiosIbge.Api.csproj", "{E236C5AA-147C-4422-BC0A-DBCE191366F8}"
EndProject
Project("{FAE04EC0-301F-11D3-BF4B-00C04F79EFBC}") = "MunicipiosIbge.Tests", "src\MunicipiosIbge.Tests\MunicipiosIbge.Tests.csproj", "{5D421A47-45C8-4C90-ABB8-68D094FBEAE1}"
EndProject
Global
	GlobalSection(SolutionConfigurationPlatforms) = preSolution
		Debug|Any CPU = Debug|Any CPU
		Release|Any CPU = Release|Any CPU
	EndGlobalSection
	GlobalSection(ProjectConfigurationPlatforms) = postSolution
		{E236C5AA-147C-4422-BC0A-DBCE191366F8}.Debug|Any CPU.ActiveCfg = Debug|Any CPU
		{E236C5AA-147C-4422-BC0A-DBCE191366F8}.Debug|Any CPU.Build.0 = Debug|Any CPU
		{E236C5AA-147C-4422-BC0A-DBCE191366F8}.Release|Any CPU.ActiveCfg = Release|Any CPU
		{E236C5AA-147C-4422-BC0A-DBCE191366F8}.Release|Any CPU.Build.0 = Release|Any CPU
		{5D421A47-45C8-4C90-ABB8-68D094FBEAE1}.Debug|Any CPU.ActiveCfg = Debug|Any CPU
		{5D421A47-45C8-4C90-ABB8-68D094FBEAE1}.Debug|Any CPU.Build.0 = Debug|Any CPU
		{5D421A47-45C8-4C90-ABB8-68D094FBEAE1}.Release|Any CPU.ActiveCfg = Release|Any CPU
		{5D421A47-45C8-4C90-ABB8-68D094FBEAE1}.Release|Any CPU.Build.0 = Release|Any CPU
	EndGlobalSection
EndGlobal
